
Microsoft Visual Studio Solution File, Format Version 12.00
# Visual Studio Version 17
VisualStudioVersion = 17.4.33110.190
MinimumVisualStudioVersion = 10.0.40219.1
Project("{9A19103F-16F7-4668-BE54-9A1E7A4F7556}") = "TaskMonopoly.Domain", "TaskMonopoly.Domain\TaskMonopoly.Domain.csproj", "{A1C46605-809D-4CF3-8130-89B0B35BEE50}"
EndProject
Project("{9A19103F-16F7-4668-BE54-9A1E7A4F7556}") = "TaskMonopoly.Console", "TaskMonopoly.Console\TaskMonopoly.Console.csproj", "{26077CCB-66D8-445C-8D10-4207D1F62E58}"
EndProject
Global
	GlobalSection(SolutionConfigurationPlatforms) = preSolution
		Debug|Any CPU = Debug|Any CPU
		Release|Any CPU = Release|Any CPU
	EndGlobalSection
	GlobalSection(ProjectConfigurationPlatforms) = postSolution
		{A1C46605-809D-4CF3-8130-89B0B35BEE50}.Debug|Any CPU.ActiveCfg = Debug|Any CPU
		{A1C46605-809D-4CF3-8130-89B0B35BEE50}.Debug|Any CPU.Build.0 = Debug|Any CPU
		{A1C46605-809D-4CF3-8130-89B0B35BEE50}.Release|Any CPU.ActiveCfg = Release|Any CPU
		{A1C46605-809D-4CF3-8130-89B0B35BEE50}.Release|Any CPU.Build.0 = Release|Any CPU
		{26077CCB-66D8-445C-8D10-4207D1F62E58}.Debug|Any CPU.ActiveCfg = Debug|Any CPU
		{26077CCB-66D8-445C-8D10-4207D1F62E58}.Debug|Any CPU.Build.0 = Debug|Any CPU
		{26077CCB-66D8-445C-8D10-4207D1F62E58}.Release|Any CPU.ActiveCfg = Release|Any CPU
		{26077CCB-66D8-445C-8D10-4207D1F62E58}.Release|Any CPU.Build.0 = Release|Any CPU
	EndGlobalSection
	GlobalSection(SolutionProperties) = preSolution
		HideSolutionNode = FALSE
	EndGlobalSection
	GlobalSection(ExtensibilityGlobals) = postSolution
		SolutionGuid = {07CFD21D-5B40-451C-A8EB-B42A4A484222}
	EndGlobalSection
EndGlobal
